
Microsoft Visual Studio Solution File, Format Version 12.00
# Visual Studio Version 17
VisualStudioVersion = 17.12.35707.178
MinimumVisualStudioVersion = 10.0.40219.1
Project("{2150E333-8FDC-42A3-9474-1A3956D46DE8}") = "src", "src", "{2085A0CC-7A45-4E4D-969B-C25EA3B70577}"
EndProject
Project("{FAE04EC0-301F-11D3-BF4B-00C04F79EFBC}") = "bsm.API", "bsm.API\bsm.API.csproj", "{6DA2EBE6-657C-4862-93A9-7500F13744A6}"
EndProject
Project("{FAE04EC0-301F-11D3-BF4B-00C04F79EFBC}") = "bsm.Application", "bsm.Application\bsm.Application.csproj", "{C386CD52-870D-4035-A381-3BB86C5A64ED}"
EndProject
Project("{FAE04EC0-301F-11D3-BF4B-00C04F79EFBC}") = "bsm.Infrastructure", "bsm.Infrastructure\bsm.Infrastructure.csproj", "{831989B1-11A7-45AB-A49D-68B045FE2265}"
EndProject
Project("{FAE04EC0-301F-11D3-BF4B-00C04F79EFBC}") = "bsm.Domain", "bsm.Domain\bsm.Domain.csproj", "{87F8995F-EDAF-4807-AFDF-3E7E7CF9F0C2}"
EndProject
Project("{FAE04EC0-301F-11D3-BF4B-00C04F79EFBC}") = "bsm.Presentation", "bsm.Presentation\bsm.Presentation.csproj", "{020BAF5E-8B76-4A0F-B40A-F982A78268AD}"
EndProject
Global
	GlobalSection(SolutionConfigurationPlatforms) = preSolution
		Debug|Any CPU = Debug|Any CPU
		Release|Any CPU = Release|Any CPU
	EndGlobalSection
	GlobalSection(ProjectConfigurationPlatforms) = postSolution
		{6DA2EBE6-657C-4862-93A9-7500F13744A6}.Debug|Any CPU.ActiveCfg = Debug|Any CPU
		{6DA2EBE6-657C-4862-93A9-7500F13744A6}.Debug|Any CPU.Build.0 = Debug|Any CPU
		{6DA2EBE6-657C-4862-93A9-7500F13744A6}.Release|Any CPU.ActiveCfg = Release|Any CPU
		{6DA2EBE6-657C-4862-93A9-7500F13744A6}.Release|Any CPU.Build.0 = Release|Any CPU
		{C386CD52-870D-4035-A381-3BB86C5A64ED}.Debug|Any CPU.ActiveCfg = Debug|Any CPU
		{C386CD52-870D-4035-A381-3BB86C5A64ED}.Debug|Any CPU.Build.0 = Debug|Any CPU
		{C386CD52-870D-4035-A381-3BB86C5A64ED}.Release|Any CPU.ActiveCfg = Release|Any CPU
		{C386CD52-870D-4035-A381-3BB86C5A64ED}.Release|Any CPU.Build.0 = Release|Any CPU
		{831989B1-11A7-45AB-A49D-68B045FE2265}.Debug|Any CPU.ActiveCfg = Debug|Any CPU
		{831989B1-11A7-45AB-A49D-68B045FE2265}.Debug|Any CPU.Build.0 = Debug|Any CPU
		{831989B1-11A7-45AB-A49D-68B045FE2265}.Release|Any CPU.ActiveCfg = Release|Any CPU
		{831989B1-11A7-45AB-A49D-68B045FE2265}.Release|Any CPU.Build.0 = Release|Any CPU
		{87F8995F-EDAF-4807-AFDF-3E7E7CF9F0C2}.Debug|Any CPU.ActiveCfg = Debug|Any CPU
		{87F8995F-EDAF-4807-AFDF-3E7E7CF9F0C2}.Debug|Any CPU.Build.0 = Debug|Any CPU
		{87F8995F-EDAF-4807-AFDF-3E7E7CF9F0C2}.Release|Any CPU.ActiveCfg = Release|Any CPU
		{87F8995F-EDAF-4807-AFDF-3E7E7CF9F0C2}.Release|Any CPU.Build.0 = Release|Any CPU
		{020BAF5E-8B76-4A0F-B40A-F982A78268AD}.Debug|Any CPU.ActiveCfg = Debug|Any CPU
		{020BAF5E-8B76-4A0F-B40A-F982A78268AD}.Debug|Any CPU.Build.0 = Debug|Any CPU
		{020BAF5E-8B76-4A0F-B40A-F982A78268AD}.Release|Any CPU.ActiveCfg = Release|Any CPU
		{020BAF5E-8B76-4A0F-B40A-F982A78268AD}.Release|Any CPU.Build.0 = Release|Any CPU
	EndGlobalSection
	GlobalSection(SolutionProperties) = preSolution
		HideSolutionNode = FALSE
	EndGlobalSection
	GlobalSection(NestedProjects) = preSolution
		{6DA2EBE6-657C-4862-93A9-7500F13744A6} = {2085A0CC-7A45-4E4D-969B-C25EA3B70577}
		{C386CD52-870D-4035-A381-3BB86C5A64ED} = {2085A0CC-7A45-4E4D-969B-C25EA3B70577}
		{831989B1-11A7-45AB-A49D-68B045FE2265} = {2085A0CC-7A45-4E4D-969B-C25EA3B70577}
		{87F8995F-EDAF-4807-AFDF-3E7E7CF9F0C2} = {2085A0CC-7A45-4E4D-969B-C25EA3B70577}
		{020BAF5E-8B76-4A0F-B40A-F982A78268AD} = {2085A0CC-7A45-4E4D-969B-C25EA3B70577}
	EndGlobalSection
EndGlobal
